
Microsoft Visual Studio Solution File, Format Version 12.00
# Visual Studio Version 17
VisualStudioVersion = 17.10.35027.167
MinimumVisualStudioVersion = 10.0.40219.1
Project("{FAE04EC0-301F-11D3-BF4B-00C04F79EFBC}") = "Airport Ticket Booking", "Airport Ticket Booking\Airport Ticket Booking.csproj", "{B6681792-2798-462B-BB25-256B68903DEC}"
EndProject
Global
	GlobalSection(SolutionConfigurationPlatforms) = preSolution
		Debug|Any CPU = Debug|Any CPU
		Release|Any CPU = Release|Any CPU
	EndGlobalSection
	GlobalSection(ProjectConfigurationPlatforms) = postSolution
		{B6681792-2798-462B-BB25-256B68903DEC}.Debug|Any CPU.ActiveCfg = Debug|Any CPU
		{B6681792-2798-462B-BB25-256B68903DEC}.Debug|Any CPU.Build.0 = Debug|Any CPU
		{B6681792-2798-462B-BB25-256B68903DEC}.Release|Any CPU.ActiveCfg = Release|Any CPU
		{B6681792-2798-462B-BB25-256B68903DEC}.Release|Any CPU.Build.0 = Release|Any CPU
	EndGlobalSection
	GlobalSection(SolutionProperties) = preSolution
		HideSolutionNode = FALSE
	EndGlobalSection
	GlobalSection(ExtensibilityGlobals) = postSolution
		SolutionGuid = {715A3697-AC4A-4921-9F5E-0A56551AD7D9}
	EndGlobalSection
EndGlobal
